
Microsoft Visual Studio Solution File, Format Version 12.00
# Visual Studio 15
VisualStudioVersion = 15.0.27703.2000
MinimumVisualStudioVersion = 10.0.40219.1
Project("{FAE04EC0-301F-11D3-BF4B-00C04F79EFBC}") = "GitHubSearch", "GitHubSearch\GitHubSearch.csproj", "{0AF8F030-6102-4CEC-A1BD-51EA0E81EC0A}"
EndProject
Project("{FAE04EC0-301F-11D3-BF4B-00C04F79EFBC}") = "GitHubSearchEngineTest", "GitHubSearchEngineTest\GitHubSearchEngineTest.csproj", "{7F251FFD-CB71-4364-8D09-FCB269CBEEA0}"
EndProject
Global
	GlobalSection(SolutionConfigurationPlatforms) = preSolution
		Debug|Any CPU = Debug|Any CPU
		Release|Any CPU = Release|Any CPU
	EndGlobalSection
	GlobalSection(ProjectConfigurationPlatforms) = postSolution
		{0AF8F030-6102-4CEC-A1BD-51EA0E81EC0A}.Debug|Any CPU.ActiveCfg = Debug|Any CPU
		{0AF8F030-6102-4CEC-A1BD-51EA0E81EC0A}.Debug|Any CPU.Build.0 = Debug|Any CPU
		{0AF8F030-6102-4CEC-A1BD-51EA0E81EC0A}.Release|Any CPU.ActiveCfg = Release|Any CPU
		{0AF8F030-6102-4CEC-A1BD-51EA0E81EC0A}.Release|Any CPU.Build.0 = Release|Any CPU
		{7F251FFD-CB71-4364-8D09-FCB269CBEEA0}.Debug|Any CPU.ActiveCfg = Debug|Any CPU
		{7F251FFD-CB71-4364-8D09-FCB269CBEEA0}.Debug|Any CPU.Build.0 = Debug|Any CPU
		{7F251FFD-CB71-4364-8D09-FCB269CBEEA0}.Release|Any CPU.ActiveCfg = Release|Any CPU
		{7F251FFD-CB71-4364-8D09-FCB269CBEEA0}.Release|Any CPU.Build.0 = Release|Any CPU
	EndGlobalSection
	GlobalSection(SolutionProperties) = preSolution
		HideSolutionNode = FALSE
	EndGlobalSection
	GlobalSection(ExtensibilityGlobals) = postSolution
		SolutionGuid = {EE1324E8-E4D2-4E5C-A237-E49D590817F5}
	EndGlobalSection
EndGlobal
